
Microsoft Visual Studio Solution File, Format Version 12.00
# Visual Studio Version 16
VisualStudioVersion = 16.0.29424.173
MinimumVisualStudioVersion = 10.0.40219.1
Project("{9A19103F-16F7-4668-BE54-9A1E7A4F7556}") = "MarsRover", "MarsRover\MarsRover.csproj", "{C9B90EEF-0D91-4A50-A011-E7D14088EAEE}"
EndProject
Project("{FAE04EC0-301F-11D3-BF4B-00C04F79EFBC}") = "MarsRover.Tests", "MarsRover.Tests\MarsRover.Tests.csproj", "{EBA2F14A-3416-46A2-A7BE-9C96753CD0AD}"
EndProject
Global
	GlobalSection(SolutionConfigurationPlatforms) = preSolution
		Debug|Any CPU = Debug|Any CPU
		Release|Any CPU = Release|Any CPU
	EndGlobalSection
	GlobalSection(ProjectConfigurationPlatforms) = postSolution
		{C9B90EEF-0D91-4A50-A011-E7D14088EAEE}.Debug|Any CPU.ActiveCfg = Debug|Any CPU
		{C9B90EEF-0D91-4A50-A011-E7D14088EAEE}.Debug|Any CPU.Build.0 = Debug|Any CPU
		{C9B90EEF-0D91-4A50-A011-E7D14088EAEE}.Release|Any CPU.ActiveCfg = Release|Any CPU
		{C9B90EEF-0D91-4A50-A011-E7D14088EAEE}.Release|Any CPU.Build.0 = Release|Any CPU
		{EBA2F14A-3416-46A2-A7BE-9C96753CD0AD}.Debug|Any CPU.ActiveCfg = Debug|Any CPU
		{EBA2F14A-3416-46A2-A7BE-9C96753CD0AD}.Debug|Any CPU.Build.0 = Debug|Any CPU
		{EBA2F14A-3416-46A2-A7BE-9C96753CD0AD}.Release|Any CPU.ActiveCfg = Release|Any CPU
		{EBA2F14A-3416-46A2-A7BE-9C96753CD0AD}.Release|Any CPU.Build.0 = Release|Any CPU
	EndGlobalSection
	GlobalSection(SolutionProperties) = preSolution
		HideSolutionNode = FALSE
	EndGlobalSection
	GlobalSection(ExtensibilityGlobals) = postSolution
		SolutionGuid = {08072CC2-7F91-4D20-A330-DA460E0F4E63}
	EndGlobalSection
EndGlobal
